Microsoft Visual Studio Solution File, Format Version 12.00
# Visual Studio 15
VisualStudioVersion = 15.0.27130.2010
MinimumVisualStudioVersion = 15.0.26124.0
Project("{2150E333-8FDC-42A3-9474-1A3956D46DE8}") = "src", "src", "{BB78DAAB-87EB-4272-B529-0E72E348C8B7}"
EndProject
Project("{9A19103F-16F7-4668-BE54-9A1E7A4F7556}") = "MediatR.SimpleInjector", "src\MediatR.SimpleInjector\MediatR.SimpleInjector.csproj", "{9417F197-0B24-4FCC-A16A-B2E07B799AE9}"
EndProject
Global
	GlobalSection(SolutionConfigurationPlatforms) = preSolution
		Debug|Any CPU = Debug|Any CPU
		Debug|x64 = Debug|x64
		Debug|x86 = Debug|x86
		Release|Any CPU = Release|Any CPU
		Release|x64 = Release|x64
		Release|x86 = Release|x86
	EndGlobalSection
	GlobalSection(ProjectConfigurationPlatforms) = postSolution
		{9417F197-0B24-4FCC-A16A-B2E07B799AE9}.Debug|Any CPU.ActiveCfg = Debug|Any CPU
		{9417F197-0B24-4FCC-A16A-B2E07B799AE9}.Debug|Any CPU.Build.0 = Debug|Any CPU
		{9417F197-0B24-4FCC-A16A-B2E07B799AE9}.Debug|x64.ActiveCfg = Debug|Any CPU
		{9417F197-0B24-4FCC-A16A-B2E07B799AE9}.Debug|x64.Build.0 = Debug|Any CPU
		{9417F197-0B24-4FCC-A16A-B2E07B799AE9}.Debug|x86.ActiveCfg = Debug|Any CPU
		{9417F197-0B24-4FCC-A16A-B2E07B799AE9}.Debug|x86.Build.0 = Debug|Any CPU
		{9417F197-0B24-4FCC-A16A-B2E07B799AE9}.Release|Any CPU.ActiveCfg = Release|Any CPU
		{9417F197-0B24-4FCC-A16A-B2E07B799AE9}.Release|Any CPU.Build.0 = Release|Any CPU
		{9417F197-0B24-4FCC-A16A-B2E07B799AE9}.Release|x64.ActiveCfg = Release|Any CPU
		{9417F197-0B24-4FCC-A16A-B2E07B799AE9}.Release|x64.Build.0 = Release|Any CPU
		{9417F197-0B24-4FCC-A16A-B2E07B799AE9}.Release|x86.ActiveCfg = Release|Any CPU
		{9417F197-0B24-4FCC-A16A-B2E07B799AE9}.Release|x86.Build.0 = Release|Any CPU
	EndGlobalSection
	GlobalSection(SolutionProperties) = preSolution
		HideSolutionNode = FALSE
	EndGlobalSection
	GlobalSection(NestedProjects) = preSolution
		{9417F197-0B24-4FCC-A16A-B2E07B799AE9} = {BB78DAAB-87EB-4272-B529-0E72E348C8B7}
	EndGlobalSection
	GlobalSection(ExtensibilityGlobals) = postSolution
		SolutionGuid = {B42A16FC-97A9-4C30-B954-C0BACA1EF2AA}
	EndGlobalSection
EndGlobal
